
Microsoft Visual Studio Solution File, Format Version 12.00
# Visual Studio Version 16
VisualStudioVersion = 16.0.30523.141
MinimumVisualStudioVersion = 10.0.40219.1
Project("{FAE04EC0-301F-11D3-BF4B-00C04F79EFBC}") = "LR2_Monitor", "LR2_Monitor.csproj", "{69E36343-FECB-4363-9E48-F29C86E9D5AF}"
EndProject
Global
	GlobalSection(SolutionConfigurationPlatforms) = preSolution
		Debug|Any CPU = Debug|Any CPU
		Release|Any CPU = Release|Any CPU
	EndGlobalSection
	GlobalSection(ProjectConfigurationPlatforms) = postSolution
		{69E36343-FECB-4363-9E48-F29C86E9D5AF}.Debug|Any CPU.ActiveCfg = Debug|Any CPU
		{69E36343-FECB-4363-9E48-F29C86E9D5AF}.Debug|Any CPU.Build.0 = Debug|Any CPU
		{69E36343-FECB-4363-9E48-F29C86E9D5AF}.Release|Any CPU.ActiveCfg = Release|Any CPU
		{69E36343-FECB-4363-9E48-F29C86E9D5AF}.Release|Any CPU.Build.0 = Release|Any CPU
	EndGlobalSection
	GlobalSection(SolutionProperties) = preSolution
		HideSolutionNode = FALSE
	EndGlobalSection
	GlobalSection(ExtensibilityGlobals) = postSolution
		SolutionGuid = {42945B14-56D7-4C01-91A8-6B9B9B409EB3}
	EndGlobalSection
EndGlobal
